
Microsoft Visual Studio Solution File, Format Version 12.00
# Visual Studio Version 16
VisualStudioVersion = 16.0.30804.86
MinimumVisualStudioVersion = 10.0.40219.1
Project("{8BC9CEB8-8B4A-11D0-8D11-00A0C91BC942}") = "AmaEngine", "AmaEngine.vcxproj", "{43F6E6DE-F109-45B6-9730-1A43EC9FEE5F}"
EndProject
Global
	GlobalSection(SolutionConfigurationPlatforms) = preSolution
		Debug|x64 = Debug|x64
		Debug|x86 = Debug|x86
		Release|x64 = Release|x64
		Release|x86 = Release|x86
	EndGlobalSection
	GlobalSection(ProjectConfigurationPlatforms) = postSolution
		{43F6E6DE-F109-45B6-9730-1A43EC9FEE5F}.Debug|x64.ActiveCfg = Debug|x64
		{43F6E6DE-F109-45B6-9730-1A43EC9FEE5F}.Debug|x64.Build.0 = Debug|x64
		{43F6E6DE-F109-45B6-9730-1A43EC9FEE5F}.Debug|x86.ActiveCfg = Debug|Win32
		{43F6E6DE-F109-45B6-9730-1A43EC9FEE5F}.Debug|x86.Build.0 = Debug|Win32
		{43F6E6DE-F109-45B6-9730-1A43EC9FEE5F}.Release|x64.ActiveCfg = Release|x64
		{43F6E6DE-F109-45B6-9730-1A43EC9FEE5F}.Release|x64.Build.0 = Release|x64
		{43F6E6DE-F109-45B6-9730-1A43EC9FEE5F}.Release|x86.ActiveCfg = Release|Win32
		{43F6E6DE-F109-45B6-9730-1A43EC9FEE5F}.Release|x86.Build.0 = Release|Win32
	EndGlobalSection
	GlobalSection(SolutionProperties) = preSolution
		HideSolutionNode = FALSE
	EndGlobalSection
	GlobalSection(ExtensibilityGlobals) = postSolution
		SolutionGuid = {D5D40735-B8CA-4EA6-92A9-ED227CB515BD}
	EndGlobalSection
EndGlobal
